// !$*UTF8*$!
{
	archiveVersion = 1;
	classes = {
	};
	objectVersion = 46;
	objects = {

/* Begin PBXBuildFile section */
		0BB0A6D31C37757D0038813A /* main.m in Sources */ = {isa = PBXBuildFile; fileRef = 0BB0A6D21C37757D0038813A /* main.m */; };
		0BB0A6D61C37757D0038813A /* AppDelegate.m in Sources */ = {isa = PBXBuildFile; fileRef = 0BB0A6D51C37757D0038813A /* AppDelegate.m */; };
		0BB0A6D91C37757D0038813A /* ViewController.m in Sources */ = {isa = PBXBuildFile; fileRef = 0BB0A6D81C37757D0038813A /* ViewController.m */; };
		0BB0A6DC1C37757D0038813A /* Main.storyboard in Resources */ = {isa = PBXBuildFile; fileRef = 0BB0A6DA1C37757D0038813A /* Main.storyboard */; };
		0BB0A6DE1C37757D0038813A /* Assets.xcassets in Resources */ = {isa = PBXBuildFile; fileRef = 0BB0A6DD1C37757D0038813A /* Assets.xcassets */; };
		0BB0A6E11C37757D0038813A /* LaunchScreen.storyboard in Resources */ = {isa = PBXBuildFile; fileRef = 0BB0A6DF1C37757D0038813A /* LaunchScreen.storyboard */; };
		0BB0A6EA1C3775C60038813A /* RPProgressView.m in Sources */ = {isa = PBXBuildFile; fileRef = 0BB0A6E91C3775C60038813A /* RPProgressView.m */; };
/* End PBXBuildFile section */

/* Begin PBXFileReference section */
		0BB0A6CE1C37757D0038813A /* CALayer定制下载进度条控件.app */ = {isa = PBXFileReference; explicitFileType = wrapper.application; includeInIndex = 0; path = "CALayer定制下载进度条控件.app"; sourceTree = BUILT_PRODUCTS_DIR; };
		0BB0A6D21C37757D0038813A /* main.m */ = {isa = PBXFileReference; lastKnownFileType = sourcecode.c.objc; path = main.m; sourceTree = "<group>"; };
		0BB0A6D41C37757D0038813A /* AppDelegate.h */ = {isa = PBXFileReference; lastKnownFileType = sourcecode.c.h; path = AppDelegate.h; sourceTree = "<group>"; };
		0BB0A6D51C37757D0038813A /* AppDelegate.m */ = {isa = PBXFileReference; lastKnownFileType = sourcecode.c.objc; path = AppDelegate.m; sourceTree = "<group>"; };
		0BB0A6D71C37757D0038813A /* ViewController.h */ = {isa = PBXFileReference; lastKnownFileType = sourcecode.c.h; path = ViewController.h; sourceTree = "<group>"; };
		0BB0A6D81C37757D0038813A /* ViewController.m */ = {isa = PBXFileReference; lastKnownFileType = sourcecode.c.objc; path = ViewController.m; sourceTree = "<group>"; };
		0BB0A6DB1C37757D0038813A /* Base */ = {isa = PBXFileReference; lastKnownFileType = file.storyboard; name = Base; path = Base.lproj/Main.storyboard; sourceTree = "<group>"; };
		0BB0A6DD1C37757D0038813A /* Assets.xcassets */ = {isa = PBXFileReference; lastKnownFileType = folder.assetcatalog; path = Assets.xcassets; sourceTree = "<group>"; };
		0BB0A6E01C37757D0038813A /* Base */ = {isa = PBXFileReference; lastKnownFileType = file.storyboard; name = Base; path = Base.lproj/LaunchScreen.storyboard; sourceTree = "<group>"; };
		0BB0A6E21C37757D0038813A /* Info.plist */ = {isa = PBXFileReference; lastKnownFileType = text.plist.xml; path = Info.plist; sourceTree = "<group>"; };
		0BB0A6E81C3775C60038813A /* RPProgressView.h */ = {isa = PBXFileReference; fileEncoding = 4; lastKnownFileType = sourcecode.c.h; path = RPProgressView.h; sourceTree = "<group>"; };
		0BB0A6E91C3775C60038813A /* RPProgressView.m */ = {isa = PBXFileReference; fileEncoding = 4; lastKnownFileType = sourcecode.c.objc; path = RPProgressView.m; sourceTree = "<group>"; };
/* End PBXFileReference section */

/* Begin PBXFrameworksBuildPhase section */
		0BB0A6CB1C37757D0038813A /* Frameworks */ = {
			isa = PBXFrameworksBuildPhase;
			buildActionMask = 2147483647;
			files = (
			);
			runOnlyForDeploymentPostprocessing = 0;
		};
/* End PBXFrameworksBuildPhase section */

/* Begin PBXGroup section */
		0BB0A6C51C37757D0038813A = {
			isa = PBXGroup;
			children = (
				0BB0A6D01C37757D0038813A /* CALayer定制下载进度条控件 */,
				0BB0A6CF1C37757D0038813A /* Products */,
			);
			sourceTree = "<group>";
		};
		0BB0A6CF1C37757D0038813A /* Products */ = {
			isa = PBXGroup;
			children = (
				0BB0A6CE1C37757D0038813A /* CALayer定制下载进度条控件.app */,
			);
			name = Products;
			sourceTree = "<group>";
		};
		0BB0A6D01C37757D0038813A /* CALayer定制下载进度条控件 */ = {
			isa = PBXGroup;
			children = (
				0BB0A6D41C37757D0038813A /* AppDelegate.h */,
				0BB0A6D51C37757D0038813A /* AppDelegate.m */,
				0BB0A6D71C37757D0038813A /* ViewController.h */,
				0BB0A6D81C37757D0038813A /* ViewController.m */,
				0BB0A6DA1C37757D0038813A /* Main.storyboard */,
				0BB0A6DD1C37757D0038813A /* Assets.xcassets */,
				0BB0A6DF1C37757D0038813A /* LaunchScreen.storyboard */,
				0BB0A6E21C37757D0038813A /* Info.plist */,
				0BB0A6D11C37757D0038813A /* Supporting Files */,
				0BB0A6E81C3775C60038813A /* RPProgressView.h */,
				0BB0A6E91C3775C60038813A /* RPProgressView.m */,
			);
			path = "CALayer定制下载进度条控件";
			sourceTree = "<group>";
		};
		0BB0A6D11C37757D0038813A /* Supporting Files */ = {
			isa = PBXGroup;
			children = (
				0BB0A6D21C37757D0038813A /* main.m */,
			);
			name = "Supporting Files";
			sourceTree = "<group>";
		};
/* End PBXGroup section */

/* Begin PBXNativeTarget section */
		0BB0A6CD1C37757D0038813A /* CALayer定制下载进度条控件 */ = {
			isa = PBXNativeTarget;
			buildConfigurationList = 0BB0A6E51C37757D0038813A /* Build configuration list for PBXNativeTarget "CALayer定制下载进度条控件" */;
			buildPhases = (
				0BB0A6CA1C37757D0038813A /* Sources */,
				0BB0A6CB1C37757D0038813A /* Frameworks */,
				0BB0A6CC1C37757D0038813A /* Resources */,
			);
			buildRules = (
			);
			dependencies = (
			);
			name = "CALayer定制下载进度条控件";
			productName = "CALayer定制下载进度条控件";
			productReference = 0BB0A6CE1C37757D0038813A /* CALayer定制下载进度条控件.app */;
			productType = "com.apple.product-type.application";
		};
/* End PBXNativeTarget section */

/* Begin PBXProject section */
		0BB0A6C61C37757D0038813A /* Project object */ = {
			isa = PBXProject;
			attributes = {
				LastUpgradeCheck = 0720;
				ORGANIZATIONNAME = rinpe;
				TargetAttributes = {
					0BB0A6CD1C37757D0038813A = {
						CreatedOnToolsVersion = 7.2;
					};
				};
			};
			buildConfigurationList = 0BB0A6C91C37757D0038813A /* Build configuration list for PBXProject "CALayer定制下载进度条控件" */;
			compatibilityVersion = "Xcode 3.2";
			developmentRegion = English;
			hasScannedForEncodings = 0;
			knownRegions = (
				en,
				Base,
			);
			mainGroup = 0BB0A6C51C37757D0038813A;
			productRefGroup = 0BB0A6CF1C37757D0038813A /* Products */;
			projectDirPath = "";
			projectRoot = "";
			targets = (
				0BB0A6CD1C37757D0038813A /* CALayer定制下载进度条控件 */,
			);
		};
/* End PBXProject section */

/* Begin PBXResourcesBuildPhase section */
		0BB0A6CC1C37757D0038813A /* Resources */ = {
			isa = PBXResourcesBuildPhase;
			buildActionMask = 2147483647;
			files = (
				0BB0A6E11C37757D0038813A /* LaunchScreen.storyboard in Resources */,
				0BB0A6DE1C37757D0038813A /* Assets.xcassets in Resources */,
				0BB0A6DC1C37757D0038813A /* Main.storyboard in Resources */,
			);
			runOnlyForDeploymentPostprocessing = 0;
		};
/* End PBXResourcesBuildPhase section */

/* Begin PBXSourcesBuildPhase section */
		0BB0A6CA1C37757D0038813A /* Sources */ = {
			isa = PBXSourcesBuildPhase;
			buildActionMask = 2147483647;
			files = (
				0BB0A6D91C37757D0038813A /* ViewController.m in Sources */,
				0BB0A6EA1C3775C60038813A /* RPProgressView.m in Sources */,
				0BB0A6D61C37757D0038813A /* AppDelegate.m in Sources */,
				0BB0A6D31C37757D0038813A /* main.m in Sources */,
			);
			runOnlyForDeploymentPostprocessing = 0;
		};
/* End PBXSourcesBuildPhase section */

/* Begin PBXVariantGroup section */
		0BB0A6DA1C37757D0038813A /* Main.storyboard */ = {
			isa = PBXVariantGroup;
			children = (
				0BB0A6DB1C37757D0038813A /* Base */,
			);
			name = Main.storyboard;
			sourceTree = "<group>";
		};
		0BB0A6DF1C37757D0038813A /* LaunchScreen.storyboard */ = {
			isa = PBXVariantGroup;
			children = (
				0BB0A6E01C37757D0038813A /* Base */,
			);
			name = LaunchScreen.storyboard;
			sourceTree = "<group>";
		};
/* End PBXVariantGroup section */

/* Begin XCBuildConfiguration section */
		0BB0A6E31C37757D0038813A /* Debug */ = {
			isa = XCBuildConfiguration;
			buildSettings = {
				ALWAYS_SEARCH_USER_PATHS = NO;
				CLANG_CXX_LANGUAGE_STANDARD = "gnu++0x";
				CLANG_CXX_LIBRARY = "libc++";
				CLANG_ENABLE_MODULES = YES;
				CLANG_ENABLE_OBJC_ARC = YES;
				CLANG_WARN_BOOL_CONVERSION = YES;
				CLANG_WARN_CONSTANT_CONVERSION = YES;
				CLANG_WARN_DIRECT_OBJC_ISA_USAGE = YES_ERROR;
				CLANG_WARN_EMPTY_BODY = YES;
				CLANG_WARN_ENUM_CONVERSION = YES;
				CLANG_WARN_INT_CONVERSION = YES;
				CLANG_WARN_OBJC_ROOT_CLASS = YES_ERROR;
				CLANG_WARN_UNREACHABLE_CODE = YES;
				CLANG_WARN__DUPLICATE_METHOD_MATCH = YES;
				"CODE_SIGN_IDENTITY[sdk=iphoneos*]" = "iPhone Developer";
				COPY_PHASE_STRIP = NO;
				DEBUG_INFORMATION_FORMAT = dwarf;
				ENABLE_STRICT_OBJC_MSGSEND = YES;
				ENABLE_TESTABILITY = YES;
				GCC_C_LANGUAGE_STANDARD = gnu99;
				GCC_DYNAMIC_NO_PIC = NO;
				GCC_NO_COMMON_BLOCKS = YES;
				GCC_OPTIMIZATION_LEVEL = 0;
				GCC_PREPROCESSOR_DEFINITIONS = (
					"DEBUG=1",
					"$(inherited)",
				);
				GCC_WARN_64_TO_32_BIT_CONVERSION = YES;
				GCC_WARN_ABOUT_RETURN_TYPE = YES_ERROR;
				GCC_WARN_UNDECLARED_SELECTOR = YES;
				GCC_WARN_UNINITIALIZED_AUTOS = YES_AGGRESSIVE;
				GCC_WARN_UNUSED_FUNCTION = YES;
				GCC_WARN_UNUSED_VARIABLE = YES;
				IPHONEOS_DEPLOYMENT_TARGET = 9.2;
				MTL_ENABLE_DEBUG_INFO = YES;
				ONLY_ACTIVE_ARCH = YES;
				SDKROOT = iphoneos;
				TARGETED_DEVICE_FAMILY = "1,2";
			};
			name = Debug;
		};
		0BB0A6E41C37757D0038813A /* Release */ = {
			isa = XCBuildConfiguration;
			buildSettings = {
				ALWAYS_SEARCH_USER_PATHS = NO;
				CLANG_CXX_LANGUAGE_STANDARD = "gnu++0x";
				CLANG_CXX_LIBRARY = "libc++";
				CLANG_ENABLE_MODULES = YES;
				CLANG_ENABLE_OBJC_ARC = YES;
				CLANG_WARN_BOOL_CONVERSION = YES;
				CLANG_WARN_CONSTANT_CONVERSION = YES;
				CLANG_WARN_DIRECT_OBJC_ISA_USAGE = YES_ERROR;
				CLANG_WARN_EMPTY_BODY = YES;
				CLANG_WARN_ENUM_CONVERSION = YES;
				CLANG_WARN_INT_CONVERSION = YES;
				CLANG_WARN_OBJC_ROOT_CLASS = YES_ERROR;
				CLANG_WARN_UNREACHABLE_CODE = YES;
				CLANG_WARN__DUPLICATE_METHOD_MATCH = YES;
				"CODE_SIGN_IDENTITY[sdk=iphoneos*]" = "iPhone Developer";
				COPY_PHASE_STRIP = NO;
				DEBUG_INFORMATION_FORMAT = "dwarf-with-dsym";
				ENABLE_NS_ASSERTIONS = NO;
				ENABLE_STRICT_OBJC_MSGSEND = YES;
				GCC_C_LANGUAGE_STANDARD = gnu99;
				GCC_NO_COMMON_BLOCKS = YES;
				GCC_WARN_64_TO_32_BIT_CONVERSION = YES;
				GCC_WARN_ABOUT_RETURN_TYPE = YES_ERROR;
				GCC_WARN_UNDECLARED_SELECTOR = YES;
				GCC_WARN_UNINITIALIZED_AUTOS = YES_AGGRESSIVE;
				GCC_WARN_UNUSED_FUNCTION = YES;
				GCC_WARN_UNUSED_VARIABLE = YES;
				IPHONEOS_DEPLOYMENT_TARGET = 9.2;
				MTL_ENABLE_DEBUG_INFO = NO;
				SDKROOT = iphoneos;
				TARGETED_DEVICE_FAMILY = "1,2";
				VALIDATE_PRODUCT = YES;
			};
			name = Release;
		};
		0BB0A6E61C37757D0038813A /* Debug */ = {
			isa = XCBuildConfiguration;
			buildSettings = {
				ASSETCATALOG_COMPILER_APPICON_NAME = AppIcon;
				INFOPLIST_FILE = "CALayer定制下载进度条控件/Info.plist";
				LD_RUNPATH_SEARCH_PATHS = "$(inherited) @executable_path/Frameworks";
				PRODUCT_BUNDLE_IDENTIFIER = "com.rinpe.CALayer---------";
				PRODUCT_NAME = "$(TARGET_NAME)";
			};
			name = Debug;
		};
		0BB0A6E71C37757D0038813A /* Release */ = {
			isa = XCBuildConfiguration;
			buildSettings = {
				ASSETCATALOG_COMPILER_APPICON_NAME = AppIcon;
				INFOPLIST_FILE = "CALayer定制下载进度条控件/Info.plist";
				LD_RUNPATH_SEARCH_PATHS = "$(inherited) @executable_path/Frameworks";
				PRODUCT_BUNDLE_IDENTIFIER = "com.rinpe.CALayer---------";
				PRODUCT_NAME = "$(TARGET_NAME)";
			};
			name = Release;
		};
/* End XCBuildConfiguration section */

/* Begin XCConfigurationList section */
		0BB0A6C91C37757D0038813A /* Build configuration list for PBXProject "CALayer定制下载进度条控件" */ = {
			isa = XCConfigurationList;
			buildConfigurations = (
				0BB0A6E31C37757D0038813A /* Debug */,
				0BB0A6E41C37757D0038813A /* Release */,
			);
			defaultConfigurationIsVisible = 0;
			defaultConfigurationName = Release;
		};
		0BB0A6E51C37757D0038813A /* Build configuration list for PBXNativeTarget "CALayer定制下载进度条控件" */ = {
			isa = XCConfigurationList;
			buildConfigurations = (
				0BB0A6E61C37757D0038813A /* Debug */,
				0BB0A6E71C37757D0038813A /* Release */,
			);
			defaultConfigurationIsVisible = 0;
		};
/* End XCConfigurationList section */
	};
	rootObject = 0BB0A6C61C37757D0038813A /* Project object */;
}
